{
  "name": "vizzu-lize",
  "version": "0.0.0",
  "lockfileVersion": 2,
  "requires": true,
  "packages": {
    "": {
      "name": "vizzu-lize",
      "version": "0.0.0",
      "license": "MIT",
      "dependencies": {
        "vizzu": "0.4.5",
        "xtal-element": "0.0.484"
      }
    },
    "node_modules/trans-render": {
      "version": "0.0.511",
      "resolved": "https://registry.npmjs.org/trans-render/-/trans-render-0.0.511.tgz",
      "integrity": "sha512-vlnkOiiDn3kgl8KU5NytHTuS2n3YOXL4VtjTYrOZBL4GY29aHUkrwcYQPkM1brnd/OAL3V6asPrVAovohKNkBQ=="
    },
    "node_modules/vizzu": {
      "version": "0.4.5",
      "resolved": "https://registry.npmjs.org/vizzu/-/vizzu-0.4.5.tgz",
      "integrity": "sha512-OWwjprieVYpWX3PGuGBEqNW/HQLTawPNlzIIRDjFxVlQVtgJloFgN3Iaohp5hK+9+lHBLgu0HZqLBHa/uuAN3Q=="
    },
    "node_modules/xtal-element": {
      "version": "0.0.484",
      "resolved": "https://registry.npmjs.org/xtal-element/-/xtal-element-0.0.484.tgz",
      "integrity": "sha512-lmXYnHrUtFXSkbOw/lFeXIWVI21DZLiIFm2w274Pn1b9ff5QeHdG+/SMOaqZYylBDRphefpBKEehtsCZHgPdlg==",
      "dependencies": {
        "trans-render": "0.0.511"
      }
    }
  },
  "dependencies": {
    "trans-render": {
      "version": "0.0.511",
      "resolved": "https://registry.npmjs.org/trans-render/-/trans-render-0.0.511.tgz",
      "integrity": "sha512-vlnkOiiDn3kgl8KU5NytHTuS2n3YOXL4VtjTYrOZBL4GY29aHUkrwcYQPkM1brnd/OAL3V6asPrVAovohKNkBQ=="
    },
    "vizzu": {
      "version": "0.4.5",
      "resolved": "https://registry.npmjs.org/vizzu/-/vizzu-0.4.5.tgz",
      "integrity": "sha512-OWwjprieVYpWX3PGuGBEqNW/HQLTawPNlzIIRDjFxVlQVtgJloFgN3Iaohp5hK+9+lHBLgu0HZqLBHa/uuAN3Q=="
    },
    "xtal-element": {
      "version": "0.0.484",
      "resolved": "https://registry.npmjs.org/xtal-element/-/xtal-element-0.0.484.tgz",
      "integrity": "sha512-lmXYnHrUtFXSkbOw/lFeXIWVI21DZLiIFm2w274Pn1b9ff5QeHdG+/SMOaqZYylBDRphefpBKEehtsCZHgPdlg==",
      "requires": {
        "trans-render": "0.0.511"
      }
    }
  }
}
